
Microsoft Visual Studio Solution File, Format Version 12.00
# Visual Studio Version 16
VisualStudioVersion = 16.0.31005.135
MinimumVisualStudioVersion = 10.0.40219.1
Project("{8BC9CEB8-8B4A-11D0-8D11-00A0C91BC942}") = "cpp 4.6", "cpp 4.6\cpp 4.6.vcxproj", "{8E67E8A8-7F56-42D6-967A-5D4069A4E38D}"
EndProject
Global
	GlobalSection(SolutionConfigurationPlatforms) = preSolution
		Debug|x64 = Debug|x64
		Debug|x86 = Debug|x86
		Release|x64 = Release|x64
		Release|x86 = Release|x86
	EndGlobalSection
	GlobalSection(ProjectConfigurationPlatforms) = postSolution
		{8E67E8A8-7F56-42D6-967A-5D4069A4E38D}.Debug|x64.ActiveCfg = Debug|x64
		{8E67E8A8-7F56-42D6-967A-5D4069A4E38D}.Debug|x64.Build.0 = Debug|x64
		{8E67E8A8-7F56-42D6-967A-5D4069A4E38D}.Debug|x86.ActiveCfg = Debug|Win32
		{8E67E8A8-7F56-42D6-967A-5D4069A4E38D}.Debug|x86.Build.0 = Debug|Win32
		{8E67E8A8-7F56-42D6-967A-5D4069A4E38D}.Release|x64.ActiveCfg = Release|x64
		{8E67E8A8-7F56-42D6-967A-5D4069A4E38D}.Release|x64.Build.0 = Release|x64
		{8E67E8A8-7F56-42D6-967A-5D4069A4E38D}.Release|x86.ActiveCfg = Release|Win32
		{8E67E8A8-7F56-42D6-967A-5D4069A4E38D}.Release|x86.Build.0 = Release|Win32
	EndGlobalSection
	GlobalSection(SolutionProperties) = preSolution
		HideSolutionNode = FALSE
	EndGlobalSection
	GlobalSection(ExtensibilityGlobals) = postSolution
		SolutionGuid = {745D308E-7B1B-41E4-A49C-6DA4B0E52855}
	EndGlobalSection
EndGlobal
